// !$*UTF8*$!
{
	archiveVersion = 1;
	classes = {
	};
	objectVersion = 46;
	objects = {

/* Begin PBXBuildFile section */
		4C62652A15F96C7100AA7FCE /* UIKit.framework in Frameworks */ = {isa = PBXBuildFile; fileRef = 4C62652915F96C7100AA7FCE /* UIKit.framework */; };
		4C62652C15F96C7100AA7FCE /* Foundation.framework in Frameworks */ = {isa = PBXBuildFile; fileRef = 4C62652B15F96C7100AA7FCE /* Foundation.framework */; };
		4C62652E15F96C7100AA7FCE /* CoreGraphics.framework in Frameworks */ = {isa = PBXBuildFile; fileRef = 4C62652D15F96C7100AA7FCE /* CoreGraphics.framework */; };
		4C62653415F96C7100AA7FCE /* InfoPlist.strings in Resources */ = {isa = PBXBuildFile; fileRef = 4C62653215F96C7100AA7FCE /* InfoPlist.strings */; };
		4C62653615F96C7100AA7FCE /* main.m in Sources */ = {isa = PBXBuildFile; fileRef = 4C62653515F96C7100AA7FCE /* main.m */; };
		4C62653A15F96C7100AA7FCE /* HONAppDelegate.m in Sources */ = {isa = PBXBuildFile; fileRef = 4C62653915F96C7100AA7FCE /* HONAppDelegate.m */; };
		4C62653D15F96C7100AA7FCE /* HONFirstViewController.m in Sources */ = {isa = PBXBuildFile; fileRef = 4C62653C15F96C7100AA7FCE /* HONFirstViewController.m */; };
		4C62653F15F96C7100AA7FCE /* first.png in Resources */ = {isa = PBXBuildFile; fileRef = 4C62653E15F96C7100AA7FCE /* first.png */; };
		4C62654115F96C7100AA7FCE /* first@2x.png in Resources */ = {isa = PBXBuildFile; fileRef = 4C62654015F96C7100AA7FCE /* first@2x.png */; };
		4C62654415F96C7100AA7FCE /* HONSecondViewController.m in Sources */ = {isa = PBXBuildFile; fileRef = 4C62654315F96C7100AA7FCE /* HONSecondViewController.m */; };
		4C62654615F96C7100AA7FCE /* second.png in Resources */ = {isa = PBXBuildFile; fileRef = 4C62654515F96C7100AA7FCE /* second.png */; };
		4C62654815F96C7100AA7FCE /* second@2x.png in Resources */ = {isa = PBXBuildFile; fileRef = 4C62654715F96C7100AA7FCE /* second@2x.png */; };
		4C62654B15F96C7100AA7FCE /* HONFirstViewController_iPhone.xib in Resources */ = {isa = PBXBuildFile; fileRef = 4C62654915F96C7100AA7FCE /* HONFirstViewController_iPhone.xib */; };
		4C62654E15F96C7100AA7FCE /* HONFirstViewController_iPad.xib in Resources */ = {isa = PBXBuildFile; fileRef = 4C62654C15F96C7100AA7FCE /* HONFirstViewController_iPad.xib */; };
		4C62655115F96C7100AA7FCE /* HONSecondViewController_iPhone.xib in Resources */ = {isa = PBXBuildFile; fileRef = 4C62654F15F96C7100AA7FCE /* HONSecondViewController_iPhone.xib */; };
		4C62655415F96C7100AA7FCE /* HONSecondViewController_iPad.xib in Resources */ = {isa = PBXBuildFile; fileRef = 4C62655215F96C7100AA7FCE /* HONSecondViewController_iPad.xib */; };
/* End PBXBuildFile section */

/* Begin PBXFileReference section */
		4C62652515F96C7100AA7FCE /* HotOrNot.app */ = {isa = PBXFileReference; explicitFileType = wrapper.application; includeInIndex = 0; path = HotOrNot.app; sourceTree = BUILT_PRODUCTS_DIR; };
		4C62652915F96C7100AA7FCE /* UIKit.framework */ = {isa = PBXFileReference; lastKnownFileType = wrapper.framework; name = UIKit.framework; path = System/Library/Frameworks/UIKit.framework; sourceTree = SDKROOT; };
		4C62652B15F96C7100AA7FCE /* Foundation.framework */ = {isa = PBXFileReference; lastKnownFileType = wrapper.framework; name = Foundation.framework; path = System/Library/Frameworks/Foundation.framework; sourceTree = SDKROOT; };
		4C62652D15F96C7100AA7FCE /* CoreGraphics.framework */ = {isa = PBXFileReference; lastKnownFileType = wrapper.framework; name = CoreGraphics.framework; path = System/Library/Frameworks/CoreGraphics.framework; sourceTree = SDKROOT; };
		4C62653115F96C7100AA7FCE /* HotOrNot-Info.plist */ = {isa = PBXFileReference; lastKnownFileType = text.plist.xml; path = "HotOrNot-Info.plist"; sourceTree = "<group>"; };
		4C62653315F96C7100AA7FCE /* en */ = {isa = PBXFileReference; lastKnownFileType = text.plist.strings; name = en; path = en.lproj/InfoPlist.strings; sourceTree = "<group>"; };
		4C62653515F96C7100AA7FCE /* main.m */ = {isa = PBXFileReference; lastKnownFileType = sourcecode.c.objc; path = main.m; sourceTree = "<group>"; };
		4C62653715F96C7100AA7FCE /* HotOrNot-Prefix.pch */ = {isa = PBXFileReference; lastKnownFileType = sourcecode.c.h; path = "HotOrNot-Prefix.pch"; sourceTree = "<group>"; };
		4C62653815F96C7100AA7FCE /* HONAppDelegate.h */ = {isa = PBXFileReference; lastKnownFileType = sourcecode.c.h; path = HONAppDelegate.h; sourceTree = "<group>"; };
		4C62653915F96C7100AA7FCE /* HONAppDelegate.m */ = {isa = PBXFileReference; lastKnownFileType = sourcecode.c.objc; path = HONAppDelegate.m; sourceTree = "<group>"; };
		4C62653B15F96C7100AA7FCE /* HONFirstViewController.h */ = {isa = PBXFileReference; lastKnownFileType = sourcecode.c.h; path = HONFirstViewController.h; sourceTree = "<group>"; };
		4C62653C15F96C7100AA7FCE /* HONFirstViewController.m */ = {isa = PBXFileReference; lastKnownFileType = sourcecode.c.objc; path = HONFirstViewController.m; sourceTree = "<group>"; };
		4C62653E15F96C7100AA7FCE /* first.png */ = {isa = PBXFileReference; lastKnownFileType = image.png; path = first.png; sourceTree = "<group>"; };
		4C62654015F96C7100AA7FCE /* first@2x.png */ = {isa = PBXFileReference; lastKnownFileType = image.png; path = "first@2x.png"; sourceTree = "<group>"; };
		4C62654215F96C7100AA7FCE /* HONSecondViewController.h */ = {isa = PBXFileReference; lastKnownFileType = sourcecode.c.h; path = HONSecondViewController.h; sourceTree = "<group>"; };
		4C62654315F96C7100AA7FCE /* HONSecondViewController.m */ = {isa = PBXFileReference; lastKnownFileType = sourcecode.c.objc; path = HONSecondViewController.m; sourceTree = "<group>"; };
		4C62654515F96C7100AA7FCE /* second.png */ = {isa = PBXFileReference; lastKnownFileType = image.png; path = second.png; sourceTree = "<group>"; };
		4C62654715F96C7100AA7FCE /* second@2x.png */ = {isa = PBXFileReference; lastKnownFileType = image.png; path = "second@2x.png"; sourceTree = "<group>"; };
		4C62654A15F96C7100AA7FCE /* en */ = {isa = PBXFileReference; lastKnownFileType = file.xib; name = en; path = en.lproj/HONFirstViewController_iPhone.xib; sourceTree = "<group>"; };
		4C62654D15F96C7100AA7FCE /* en */ = {isa = PBXFileReference; lastKnownFileType = file.xib; name = en; path = en.lproj/HONFirstViewController_iPad.xib; sourceTree = "<group>"; };
		4C62655015F96C7100AA7FCE /* en */ = {isa = PBXFileReference; lastKnownFileType = file.xib; name = en; path = en.lproj/HONSecondViewController_iPhone.xib; sourceTree = "<group>"; };
		4C62655315F96C7100AA7FCE /* en */ = {isa = PBXFileReference; lastKnownFileType = file.xib; name = en; path = en.lproj/HONSecondViewController_iPad.xib; sourceTree = "<group>"; };
/* End PBXFileReference section */

/* Begin PBXFrameworksBuildPhase section */
		4C62652215F96C7100AA7FCE /* Frameworks */ = {
			isa = PBXFrameworksBuildPhase;
			buildActionMask = 2147483647;
			files = (
				4C62652A15F96C7100AA7FCE /* UIKit.framework in Frameworks */,
				4C62652C15F96C7100AA7FCE /* Foundation.framework in Frameworks */,
				4C62652E15F96C7100AA7FCE /* CoreGraphics.framework in Frameworks */,
			);
			runOnlyForDeploymentPostprocessing = 0;
		};
/* End PBXFrameworksBuildPhase section */

/* Begin PBXGroup section */
		4C62651A15F96C7100AA7FCE = {
			isa = PBXGroup;
			children = (
				4C62652F15F96C7100AA7FCE /* HotOrNot */,
				4C62652815F96C7100AA7FCE /* Frameworks */,
				4C62652615F96C7100AA7FCE /* Products */,
			);
			sourceTree = "<group>";
		};
		4C62652615F96C7100AA7FCE /* Products */ = {
			isa = PBXGroup;
			children = (
				4C62652515F96C7100AA7FCE /* HotOrNot.app */,
			);
			name = Products;
			sourceTree = "<group>";
		};
		4C62652815F96C7100AA7FCE /* Frameworks */ = {
			isa = PBXGroup;
			children = (
				4C62652915F96C7100AA7FCE /* UIKit.framework */,
				4C62652B15F96C7100AA7FCE /* Foundation.framework */,
				4C62652D15F96C7100AA7FCE /* CoreGraphics.framework */,
			);
			name = Frameworks;
			sourceTree = "<group>";
		};
		4C62652F15F96C7100AA7FCE /* HotOrNot */ = {
			isa = PBXGroup;
			children = (
				4C62653815F96C7100AA7FCE /* HONAppDelegate.h */,
				4C62653915F96C7100AA7FCE /* HONAppDelegate.m */,
				4C62653B15F96C7100AA7FCE /* HONFirstViewController.h */,
				4C62653C15F96C7100AA7FCE /* HONFirstViewController.m */,
				4C62653E15F96C7100AA7FCE /* first.png */,
				4C62654015F96C7100AA7FCE /* first@2x.png */,
				4C62654215F96C7100AA7FCE /* HONSecondViewController.h */,
				4C62654315F96C7100AA7FCE /* HONSecondViewController.m */,
				4C62654515F96C7100AA7FCE /* second.png */,
				4C62654715F96C7100AA7FCE /* second@2x.png */,
				4C62654915F96C7100AA7FCE /* HONFirstViewController_iPhone.xib */,
				4C62654C15F96C7100AA7FCE /* HONFirstViewController_iPad.xib */,
				4C62654F15F96C7100AA7FCE /* HONSecondViewController_iPhone.xib */,
				4C62655215F96C7100AA7FCE /* HONSecondViewController_iPad.xib */,
				4C62653015F96C7100AA7FCE /* Supporting Files */,
			);
			path = HotOrNot;
			sourceTree = "<group>";
		};
		4C62653015F96C7100AA7FCE /* Supporting Files */ = {
			isa = PBXGroup;
			children = (
				4C62653115F96C7100AA7FCE /* HotOrNot-Info.plist */,
				4C62653215F96C7100AA7FCE /* InfoPlist.strings */,
				4C62653515F96C7100AA7FCE /* main.m */,
				4C62653715F96C7100AA7FCE /* HotOrNot-Prefix.pch */,
			);
			name = "Supporting Files";
			sourceTree = "<group>";
		};
/* End PBXGroup section */

/* Begin PBXNativeTarget section */
		4C62652415F96C7100AA7FCE /* HotOrNot */ = {
			isa = PBXNativeTarget;
			buildConfigurationList = 4C62655715F96C7100AA7FCE /* Build configuration list for PBXNativeTarget "HotOrNot" */;
			buildPhases = (
				4C62652115F96C7100AA7FCE /* Sources */,
				4C62652215F96C7100AA7FCE /* Frameworks */,
				4C62652315F96C7100AA7FCE /* Resources */,
			);
			buildRules = (
			);
			dependencies = (
			);
			name = HotOrNot;
			productName = HotOrNot;
			productReference = 4C62652515F96C7100AA7FCE /* HotOrNot.app */;
			productType = "com.apple.product-type.application";
		};
/* End PBXNativeTarget section */

/* Begin PBXProject section */
		4C62651C15F96C7100AA7FCE /* Project object */ = {
			isa = PBXProject;
			attributes = {
				LastUpgradeCheck = 0420;
			};
			buildConfigurationList = 4C62651F15F96C7100AA7FCE /* Build configuration list for PBXProject "HotOrNot" */;
			compatibilityVersion = "Xcode 3.2";
			developmentRegion = English;
			hasScannedForEncodings = 0;
			knownRegions = (
				en,
			);
			mainGroup = 4C62651A15F96C7100AA7FCE;
			productRefGroup = 4C62652615F96C7100AA7FCE /* Products */;
			projectDirPath = "";
			projectRoot = "";
			targets = (
				4C62652415F96C7100AA7FCE /* HotOrNot */,
			);
		};
/* End PBXProject section */

/* Begin PBXResourcesBuildPhase section */
		4C62652315F96C7100AA7FCE /* Resources */ = {
			isa = PBXResourcesBuildPhase;
			buildActionMask = 2147483647;
			files = (
				4C62653415F96C7100AA7FCE /* InfoPlist.strings in Resources */,
				4C62653F15F96C7100AA7FCE /* first.png in Resources */,
				4C62654115F96C7100AA7FCE /* first@2x.png in Resources */,
				4C62654615F96C7100AA7FCE /* second.png in Resources */,
				4C62654815F96C7100AA7FCE /* second@2x.png in Resources */,
				4C62654B15F96C7100AA7FCE /* HONFirstViewController_iPhone.xib in Resources */,
				4C62654E15F96C7100AA7FCE /* HONFirstViewController_iPad.xib in Resources */,
				4C62655115F96C7100AA7FCE /* HONSecondViewController_iPhone.xib in Resources */,
				4C62655415F96C7100AA7FCE /* HONSecondViewController_iPad.xib in Resources */,
			);
			runOnlyForDeploymentPostprocessing = 0;
		};
/* End PBXResourcesBuildPhase section */

/* Begin PBXSourcesBuildPhase section */
		4C62652115F96C7100AA7FCE /* Sources */ = {
			isa = PBXSourcesBuildPhase;
			buildActionMask = 2147483647;
			files = (
				4C62653615F96C7100AA7FCE /* main.m in Sources */,
				4C62653A15F96C7100AA7FCE /* HONAppDelegate.m in Sources */,
				4C62653D15F96C7100AA7FCE /* HONFirstViewController.m in Sources */,
				4C62654415F96C7100AA7FCE /* HONSecondViewController.m in Sources */,
			);
			runOnlyForDeploymentPostprocessing = 0;
		};
/* End PBXSourcesBuildPhase section */

/* Begin PBXVariantGroup section */
		4C62653215F96C7100AA7FCE /* InfoPlist.strings */ = {
			isa = PBXVariantGroup;
			children = (
				4C62653315F96C7100AA7FCE /* en */,
			);
			name = InfoPlist.strings;
			sourceTree = "<group>";
		};
		4C62654915F96C7100AA7FCE /* HONFirstViewController_iPhone.xib */ = {
			isa = PBXVariantGroup;
			children = (
				4C62654A15F96C7100AA7FCE /* en */,
			);
			name = HONFirstViewController_iPhone.xib;
			sourceTree = "<group>";
		};
		4C62654C15F96C7100AA7FCE /* HONFirstViewController_iPad.xib */ = {
			isa = PBXVariantGroup;
			children = (
				4C62654D15F96C7100AA7FCE /* en */,
			);
			name = HONFirstViewController_iPad.xib;
			sourceTree = "<group>";
		};
		4C62654F15F96C7100AA7FCE /* HONSecondViewController_iPhone.xib */ = {
			isa = PBXVariantGroup;
			children = (
				4C62655015F96C7100AA7FCE /* en */,
			);
			name = HONSecondViewController_iPhone.xib;
			sourceTree = "<group>";
		};
		4C62655215F96C7100AA7FCE /* HONSecondViewController_iPad.xib */ = {
			isa = PBXVariantGroup;
			children = (
				4C62655315F96C7100AA7FCE /* en */,
			);
			name = HONSecondViewController_iPad.xib;
			sourceTree = "<group>";
		};
/* End PBXVariantGroup section */

/* Begin XCBuildConfiguration section */
		4C62655515F96C7100AA7FCE /* Debug */ = {
			isa = XCBuildConfiguration;
			buildSettings = {
				ALWAYS_SEARCH_USER_PATHS = NO;
				ARCHS = "$(ARCHS_STANDARD_32_BIT)";
				CLANG_ENABLE_OBJC_ARC = YES;
				"CODE_SIGN_IDENTITY[sdk=iphoneos*]" = "iPhone Developer";
				COPY_PHASE_STRIP = NO;
				GCC_C_LANGUAGE_STANDARD = gnu99;
				GCC_DYNAMIC_NO_PIC = NO;
				GCC_OPTIMIZATION_LEVEL = 0;
				GCC_PREPROCESSOR_DEFINITIONS = (
					"DEBUG=1",
					"$(inherited)",
				);
				GCC_SYMBOLS_PRIVATE_EXTERN = NO;
				GCC_VERSION = com.apple.compilers.llvm.clang.1_0;
				GCC_WARN_ABOUT_MISSING_PROTOTYPES = YES;
				GCC_WARN_ABOUT_RETURN_TYPE = YES;
				GCC_WARN_UNUSED_VARIABLE = YES;
				IPHONEOS_DEPLOYMENT_TARGET = 5.0;
				SDKROOT = iphoneos;
				TARGETED_DEVICE_FAMILY = "1,2";
			};
			name = Debug;
		};
		4C62655615F96C7100AA7FCE /* Release */ = {
			isa = XCBuildConfiguration;
			buildSettings = {
				ALWAYS_SEARCH_USER_PATHS = NO;
				ARCHS = "$(ARCHS_STANDARD_32_BIT)";
				CLANG_ENABLE_OBJC_ARC = YES;
				"CODE_SIGN_IDENTITY[sdk=iphoneos*]" = "iPhone Developer";
				COPY_PHASE_STRIP = YES;
				GCC_C_LANGUAGE_STANDARD = gnu99;
				GCC_VERSION = com.apple.compilers.llvm.clang.1_0;
				GCC_WARN_ABOUT_MISSING_PROTOTYPES = YES;
				GCC_WARN_ABOUT_RETURN_TYPE = YES;
				GCC_WARN_UNUSED_VARIABLE = YES;
				IPHONEOS_DEPLOYMENT_TARGET = 5.0;
				OTHER_CFLAGS = "-DNS_BLOCK_ASSERTIONS=1";
				SDKROOT = iphoneos;
				TARGETED_DEVICE_FAMILY = "1,2";
				VALIDATE_PRODUCT = YES;
			};
			name = Release;
		};
		4C62655815F96C7100AA7FCE /* Debug */ = {
			isa = XCBuildConfiguration;
			buildSettings = {
				GCC_PRECOMPILE_PREFIX_HEADER = YES;
				GCC_PREFIX_HEADER = "HotOrNot/HotOrNot-Prefix.pch";
				INFOPLIST_FILE = "HotOrNot/HotOrNot-Info.plist";
				PRODUCT_NAME = "$(TARGET_NAME)";
				WRAPPER_EXTENSION = app;
			};
			name = Debug;
		};
		4C62655915F96C7100AA7FCE /* Release */ = {
			isa = XCBuildConfiguration;
			buildSettings = {
				GCC_PRECOMPILE_PREFIX_HEADER = YES;
				GCC_PREFIX_HEADER = "HotOrNot/HotOrNot-Prefix.pch";
				INFOPLIST_FILE = "HotOrNot/HotOrNot-Info.plist";
				PRODUCT_NAME = "$(TARGET_NAME)";
				WRAPPER_EXTENSION = app;
			};
			name = Release;
		};
/* End XCBuildConfiguration section */

/* Begin XCConfigurationList section */
		4C62651F15F96C7100AA7FCE /* Build configuration list for PBXProject "HotOrNot" */ = {
			isa = XCConfigurationList;
			buildConfigurations = (
				4C62655515F96C7100AA7FCE /* Debug */,
				4C62655615F96C7100AA7FCE /* Release */,
			);
			defaultConfigurationIsVisible = 0;
			defaultConfigurationName = Release;
		};
		4C62655715F96C7100AA7FCE /* Build configuration list for PBXNativeTarget "HotOrNot" */ = {
			isa = XCConfigurationList;
			buildConfigurations = (
				4C62655815F96C7100AA7FCE /* Debug */,
				4C62655915F96C7100AA7FCE /* Release */,
			);
			defaultConfigurationIsVisible = 0;
		};
/* End XCConfigurationList section */
	};
	rootObject = 4C62651C15F96C7100AA7FCE /* Project object */;
}
